<?xml version="1.0" encoding="utf-8"?>
<Project ToolsVersion="4.0" xmlns="http://schemas.microsoft.com/developer/msbuild/2003">
  <ItemGroup>
    <Filter Include="Source Files">
      <UniqueIdentifier>{4FC737F1-C7A5-4376-A066-2A32D752A2FF}</UniqueIdentifier>
      <Extensions>cpp;c;cc;cxx;def;odl;idl;hpj;bat;asm;asmx</Extensions>
    </Filter>
    <Filter Include="Resource Files">
      <UniqueIdentifier>{67DA6AB6-F800-4c08-8B7A-83BB121AAD01}</UniqueIdentifier>
      <Extensions>rc;ico;cur;bmp;dlg;rc2;rct;bin;rgs;gif;jpg;jpeg;jpe;resx;tiff;tif;png;wav;mfcribbon-ms</Extensions>
    </Filter>
    <Filter Include="Bengine">
      <UniqueIdentifier>{2c71f422-0e69-4856-ad6c-b904dfef19b8}</UniqueIdentifier>
    </Filter>
    <Filter Include="Bengine\Components">
      <UniqueIdentifier>{631f8c48-9748-4772-9961-c74c5000e9eb}</UniqueIdentifier>
    </Filter>
    <Filter Include="Bengine\Helpers">
      <UniqueIdentifier>{b21afe8f-6eeb-45db-86a7-90a93aaa876c}</UniqueIdentifier>
    </Filter>
    <Filter Include="Bengine\Objects">
      <UniqueIdentifier>{c64a7d8b-e801-42e4-befb-072a318dccc5}</UniqueIdentifier>
    </Filter>
  </ItemGroup>
  <ItemGroup>
    <ClInclude Include="TextureComponent2D.h">
      <Filter>Bengine\Components</Filter>
    </ClInclude>
    <ClInclude Include="Time.h">
      <Filter>Bengine\Helpers</Filter>
    </ClInclude>
    <ClInclude Include="ObjectComponents.h">
      <Filter>Bengine\Components</Filter>
    </ClInclude>
    <ClInclude Include="Command.h">
      <Filter>Bengine\Helpers</Filter>
    </ClInclude>
    <ClInclude Include="InputManager.h">
      <Filter>Bengine\Helpers</Filter>
    </ClInclude>
    <ClInclude Include="Component.h">
      <Filter>Bengine\Components</Filter>
    </ClInclude>
    <ClInclude Include="Font.h">
      <Filter>Bengine</Filter>
    </ClInclude>
    <ClInclude Include="Minigin.h">
      <Filter>Bengine</Filter>
    </ClInclude>
    <ClInclude Include="Renderer.h">
      <Filter>Bengine</Filter>
    </ClInclude>
    <ClInclude Include="ResourceManager.h">
      <Filter>Bengine</Filter>
    </ClInclude>
    <ClInclude Include="Scene.h">
      <Filter>Bengine</Filter>
    </ClInclude>
    <ClInclude Include="SceneManager.h">
      <Filter>Bengine</Filter>
    </ClInclude>
    <ClInclude Include="SceneObject.h">
      <Filter>Bengine</Filter>
    </ClInclude>
    <ClInclude Include="Singleton.h">
      <Filter>Bengine</Filter>
    </ClInclude>
    <ClInclude Include="TextObject.h">
      <Filter>Bengine</Filter>
    </ClInclude>
    <ClInclude Include="Texture2D.h">
      <Filter>Bengine</Filter>
    </ClInclude>
    <ClInclude Include="Transform.h">
      <Filter>Bengine</Filter>
    </ClInclude>
    <ClInclude Include="pch.h">
      <Filter>Bengine</Filter>
    </ClInclude>
    <ClInclude Include="GameInfo.h">
      <Filter>Bengine</Filter>
    </ClInclude>
    <ClInclude Include="Entity.h">
      <Filter>Bengine\Objects</Filter>
    </ClInclude>
    <ClInclude Include="Object.h">
      <Filter>Bengine\Objects</Filter>
    </ClInclude>
    <ClInclude Include="FPSclock.h">
      <Filter>Bengine\Helpers</Filter>
    </ClInclude>
    <ClInclude Include="BoxColliderComponent.h">
      <Filter>Bengine\Components</Filter>
    </ClInclude>
  </ItemGroup>
  <ItemGroup>
    <ClCompile Include="TextureComponent2D.cpp">
      <Filter>Bengine\Components</Filter>
    </ClCompile>
    <ClCompile Include="Time.cpp">
      <Filter>Bengine\Helpers</Filter>
    </ClCompile>
    <ClCompile Include="InputManager.cpp">
      <Filter>Bengine\Helpers</Filter>
    </ClCompile>
    <ClCompile Include="Component.cpp">
      <Filter>Bengine\Components</Filter>
    </ClCompile>
    <ClCompile Include="Font.cpp">
      <Filter>Bengine</Filter>
    </ClCompile>
    <ClCompile Include="Minigin.cpp">
      <Filter>Bengine</Filter>
    </ClCompile>
    <ClCompile Include="Renderer.cpp">
      <Filter>Bengine</Filter>
    </ClCompile>
    <ClCompile Include="ResourceManager.cpp">
      <Filter>Bengine</Filter>
    </ClCompile>
    <ClCompile Include="Scene.cpp">
      <Filter>Bengine</Filter>
    </ClCompile>
    <ClCompile Include="SceneManager.cpp">
      <Filter>Bengine</Filter>
    </ClCompile>
    <ClCompile Include="TextObject.cpp">
      <Filter>Bengine</Filter>
    </ClCompile>
    <ClCompile Include="Texture2D.cpp">
      <Filter>Bengine</Filter>
    </ClCompile>
    <ClCompile Include="Transform.cpp">
      <Filter>Bengine</Filter>
    </ClCompile>
    <ClCompile Include="pch.cpp">
      <Filter>Bengine</Filter>
    </ClCompile>
    <ClCompile Include="Entity.cpp">
      <Filter>Bengine\Objects</Filter>
    </ClCompile>
    <ClCompile Include="Object.cpp">
      <Filter>Bengine\Objects</Filter>
    </ClCompile>
    <ClCompile Include="FPSclock.cpp">
      <Filter>Bengine\Helpers</Filter>
    </ClCompile>
    <ClCompile Include="BoxColliderComponent.cpp">
      <Filter>Bengine\Components</Filter>
    </ClCompile>
    <ClCompile Include="GameInfo.cpp">
      <Filter>Bengine</Filter>
    </ClCompile>
  </ItemGroup>
</Project>